
Microsoft Visual Studio Solution File, Format Version 12.00
# Visual Studio Version 17
VisualStudioVersion = 17.3.32901.215
MinimumVisualStudioVersion = 10.0.40219.1
Project("{C7167F0D-BC9F-4E6E-AFE1-012C56B48DB5}") = "SmartConf.WPF.Packaging", "SmartConf.WPF.Packaging\SmartConf.WPF.Packaging.wapproj", "{D2DC95C2-C3EA-4560-B8D9-6C7596F9F098}"
EndProject
Project("{9A19103F-16F7-4668-BE54-9A1E7A4F7556}") = "SmartConf.WPF", "SmartConf.WPF\SmartConf.WPF.csproj", "{6A02DC80-882D-407D-9060-9CB7A18F5136}"
EndProject
Project("{9A19103F-16F7-4668-BE54-9A1E7A4F7556}") = "SmartConf.WPF.Core", "SmartConf.WPF.Core\SmartConf.WPF.Core.csproj", "{F4613F45-69BC-4EE3-80D5-06C780272378}"
EndProject
Global
	GlobalSection(SolutionConfigurationPlatforms) = preSolution
		Debug|Any CPU = Debug|Any CPU
		Debug|ARM = Debug|ARM
		Debug|ARM64 = Debug|ARM64
		Debug|x64 = Debug|x64
		Debug|x86 = Debug|x86
		Release|Any CPU = Release|Any CPU
		Release|ARM = Release|ARM
		Release|ARM64 = Release|ARM64
		Release|x64 = Release|x64
		Release|x86 = Release|x86
	EndGlobalSection
	GlobalSection(ProjectConfigurationPlatforms) = postSolution
		{D2DC95C2-C3EA-4560-B8D9-6C7596F9F098}.Debug|Any CPU.ActiveCfg = Debug|x64
		{D2DC95C2-C3EA-4560-B8D9-6C7596F9F098}.Debug|Any CPU.Build.0 = Debug|x64
		{D2DC95C2-C3EA-4560-B8D9-6C7596F9F098}.Debug|Any CPU.Deploy.0 = Debug|x64
		{D2DC95C2-C3EA-4560-B8D9-6C7596F9F098}.Debug|ARM.ActiveCfg = Debug|ARM
		{D2DC95C2-C3EA-4560-B8D9-6C7596F9F098}.Debug|ARM.Build.0 = Debug|ARM
		{D2DC95C2-C3EA-4560-B8D9-6C7596F9F098}.Debug|ARM.Deploy.0 = Debug|ARM
		{D2DC95C2-C3EA-4560-B8D9-6C7596F9F098}.Debug|ARM64.ActiveCfg = Debug|ARM64
		{D2DC95C2-C3EA-4560-B8D9-6C7596F9F098}.Debug|ARM64.Build.0 = Debug|ARM64
		{D2DC95C2-C3EA-4560-B8D9-6C7596F9F098}.Debug|ARM64.Deploy.0 = Debug|ARM64
		{D2DC95C2-C3EA-4560-B8D9-6C7596F9F098}.Debug|x64.ActiveCfg = Debug|x64
		{D2DC95C2-C3EA-4560-B8D9-6C7596F9F098}.Debug|x64.Build.0 = Debug|x64
		{D2DC95C2-C3EA-4560-B8D9-6C7596F9F098}.Debug|x64.Deploy.0 = Debug|x64
		{D2DC95C2-C3EA-4560-B8D9-6C7596F9F098}.Debug|x86.ActiveCfg = Debug|x86
		{D2DC95C2-C3EA-4560-B8D9-6C7596F9F098}.Debug|x86.Build.0 = Debug|x86
		{D2DC95C2-C3EA-4560-B8D9-6C7596F9F098}.Debug|x86.Deploy.0 = Debug|x86
		{D2DC95C2-C3EA-4560-B8D9-6C7596F9F098}.Release|Any CPU.ActiveCfg = Release|x64
		{D2DC95C2-C3EA-4560-B8D9-6C7596F9F098}.Release|Any CPU.Build.0 = Release|x64
		{D2DC95C2-C3EA-4560-B8D9-6C7596F9F098}.Release|Any CPU.Deploy.0 = Release|x64
		{D2DC95C2-C3EA-4560-B8D9-6C7596F9F098}.Release|ARM.ActiveCfg = Release|ARM
		{D2DC95C2-C3EA-4560-B8D9-6C7596F9F098}.Release|ARM.Build.0 = Release|ARM
		{D2DC95C2-C3EA-4560-B8D9-6C7596F9F098}.Release|ARM.Deploy.0 = Release|ARM
		{D2DC95C2-C3EA-4560-B8D9-6C7596F9F098}.Release|ARM64.ActiveCfg = Release|ARM64
		{D2DC95C2-C3EA-4560-B8D9-6C7596F9F098}.Release|ARM64.Build.0 = Release|ARM64
		{D2DC95C2-C3EA-4560-B8D9-6C7596F9F098}.Release|ARM64.Deploy.0 = Release|ARM64
		{D2DC95C2-C3EA-4560-B8D9-6C7596F9F098}.Release|x64.ActiveCfg = Release|x64
		{D2DC95C2-C3EA-4560-B8D9-6C7596F9F098}.Release|x64.Build.0 = Release|x64
		{D2DC95C2-C3EA-4560-B8D9-6C7596F9F098}.Release|x64.Deploy.0 = Release|x64
		{D2DC95C2-C3EA-4560-B8D9-6C7596F9F098}.Release|x86.ActiveCfg = Release|x86
		{D2DC95C2-C3EA-4560-B8D9-6C7596F9F098}.Release|x86.Build.0 = Release|x86
		{D2DC95C2-C3EA-4560-B8D9-6C7596F9F098}.Release|x86.Deploy.0 = Release|x86
		{6A02DC80-882D-407D-9060-9CB7A18F5136}.Debug|Any CPU.ActiveCfg = Debug|x64
		{6A02DC80-882D-407D-9060-9CB7A18F5136}.Debug|Any CPU.Build.0 = Debug|x64
		{6A02DC80-882D-407D-9060-9CB7A18F5136}.Debug|ARM.ActiveCfg = Debug|x64
		{6A02DC80-882D-407D-9060-9CB7A18F5136}.Debug|ARM.Build.0 = Debug|x64
		{6A02DC80-882D-407D-9060-9CB7A18F5136}.Debug|ARM64.ActiveCfg = Debug|x64
		{6A02DC80-882D-407D-9060-9CB7A18F5136}.Debug|ARM64.Build.0 = Debug|x64
		{6A02DC80-882D-407D-9060-9CB7A18F5136}.Debug|x64.ActiveCfg = Debug|x64
		{6A02DC80-882D-407D-9060-9CB7A18F5136}.Debug|x64.Build.0 = Debug|x64
		{6A02DC80-882D-407D-9060-9CB7A18F5136}.Debug|x86.ActiveCfg = Debug|x86
		{6A02DC80-882D-407D-9060-9CB7A18F5136}.Debug|x86.Build.0 = Debug|x86
		{6A02DC80-882D-407D-9060-9CB7A18F5136}.Release|Any CPU.ActiveCfg = Release|x64
		{6A02DC80-882D-407D-9060-9CB7A18F5136}.Release|Any CPU.Build.0 = Release|x64
		{6A02DC80-882D-407D-9060-9CB7A18F5136}.Release|ARM.ActiveCfg = Release|x64
		{6A02DC80-882D-407D-9060-9CB7A18F5136}.Release|ARM.Build.0 = Release|x64
		{6A02DC80-882D-407D-9060-9CB7A18F5136}.Release|ARM64.ActiveCfg = Release|x64
		{6A02DC80-882D-407D-9060-9CB7A18F5136}.Release|ARM64.Build.0 = Release|x64
		{6A02DC80-882D-407D-9060-9CB7A18F5136}.Release|x64.ActiveCfg = Release|x64
		{6A02DC80-882D-407D-9060-9CB7A18F5136}.Release|x64.Build.0 = Release|x64
		{6A02DC80-882D-407D-9060-9CB7A18F5136}.Release|x86.ActiveCfg = Release|x86
		{6A02DC80-882D-407D-9060-9CB7A18F5136}.Release|x86.Build.0 = Release|x86
		{F4613F45-69BC-4EE3-80D5-06C780272378}.Debug|Any CPU.ActiveCfg = Debug|Any CPU
		{F4613F45-69BC-4EE3-80D5-06C780272378}.Debug|Any CPU.Build.0 = Debug|Any CPU
		{F4613F45-69BC-4EE3-80D5-06C780272378}.Debug|ARM.ActiveCfg = Debug|Any CPU
		{F4613F45-69BC-4EE3-80D5-06C780272378}.Debug|ARM.Build.0 = Debug|Any CPU
		{F4613F45-69BC-4EE3-80D5-06C780272378}.Debug|ARM64.ActiveCfg = Debug|Any CPU
		{F4613F45-69BC-4EE3-80D5-06C780272378}.Debug|ARM64.Build.0 = Debug|Any CPU
		{F4613F45-69BC-4EE3-80D5-06C780272378}.Debug|x64.ActiveCfg = Debug|x64
		{F4613F45-69BC-4EE3-80D5-06C780272378}.Debug|x64.Build.0 = Debug|x64
		{F4613F45-69BC-4EE3-80D5-06C780272378}.Debug|x86.ActiveCfg = Debug|x86
		{F4613F45-69BC-4EE3-80D5-06C780272378}.Debug|x86.Build.0 = Debug|x86
		{F4613F45-69BC-4EE3-80D5-06C780272378}.Release|Any CPU.ActiveCfg = Release|Any CPU
		{F4613F45-69BC-4EE3-80D5-06C780272378}.Release|Any CPU.Build.0 = Release|Any CPU
		{F4613F45-69BC-4EE3-80D5-06C780272378}.Release|ARM.ActiveCfg = Release|Any CPU
		{F4613F45-69BC-4EE3-80D5-06C780272378}.Release|ARM.Build.0 = Release|Any CPU
		{F4613F45-69BC-4EE3-80D5-06C780272378}.Release|ARM64.ActiveCfg = Release|Any CPU
		{F4613F45-69BC-4EE3-80D5-06C780272378}.Release|ARM64.Build.0 = Release|Any CPU
		{F4613F45-69BC-4EE3-80D5-06C780272378}.Release|x64.ActiveCfg = Release|x64
		{F4613F45-69BC-4EE3-80D5-06C780272378}.Release|x64.Build.0 = Release|x64
		{F4613F45-69BC-4EE3-80D5-06C780272378}.Release|x86.ActiveCfg = Release|x86
		{F4613F45-69BC-4EE3-80D5-06C780272378}.Release|x86.Build.0 = Release|x86
	EndGlobalSection
	GlobalSection(SolutionProperties) = preSolution
		HideSolutionNode = FALSE
	EndGlobalSection
	GlobalSection(ExtensibilityGlobals) = postSolution
		SolutionGuid = {5379FBFB-9A64-4819-9ACB-CC6FDDD7D87C}
	EndGlobalSection
EndGlobal
